PODS:
  - AFNetworking (3.2.1):
    - AFNetworking/NSURLSession (= 3.2.1)
    - AFNetworking/Reachability (= 3.2.1)
    - AFNetworking/Security (= 3.2.1)
    - AFNetworking/Serialization (= 3.2.1)
    - AFNetworking/UIKit (= 3.2.1)
  - AFNetworking/NSURLSession (3.2.1):
    - AFNetworking/Reachability
    - AFNetworking/Security
    - AFNetworking/Serialization
  - AFNetworking/Reachability (3.2.1)
  - AFNetworking/Security (3.2.1)
  - AFNetworking/Serialization (3.2.1)
  - AFNetworking/UIKit (3.2.1):
    - AFNetworking/NSURLSession
  - CocoaAsyncSocket (7.6.4)
  - JLRoutes (2.1)

DEPENDENCIES:
  - AFNetworking
  - CocoaAsyncSocket
  - JLRoutes

SPEC REPOS:
  trunk:
    - AFNetworking
    - CocoaAsyncSocket
    - JLRoutes

SPEC CHECKSUMS:
  AFNetworking: b6f891fdfaed196b46c7a83cf209e09697b94057
  CocoaAsyncSocket: 694058e7c0ed05a9e217d1b3c7ded962f4180845
  JLRoutes: d755245322b94227662ea3e43492fdca94e05c5b

PODFILE CHECKSUM: 66f9a7076bb6fd42765fa2700e5693b6b7f0a442

COCOAPODS: 1.11.2
